
Microsoft Visual Studio Solution File, Format Version 12.00
# Visual Studio 15
VisualStudioVersion = 15.0.27130.2003
MinimumVisualStudioVersion = 10.0.40219.1
Project("{FAE04EC0-301F-11D3-BF4B-00C04F79EFBC}") = "InlineContentHelper", "InlineContentHelper\InlineContentHelper.csproj", "{5B114DFF-6AF2-4AA1-B081-9DC4A1B7406D}"
EndProject
Global
	GlobalSection(SolutionConfigurationPlatforms) = preSolution
		Debug|Any CPU = Debug|Any CPU
		Release|Any CPU = Release|Any CPU
	EndGlobalSection
	GlobalSection(ProjectConfigurationPlatforms) = postSolution
		{5B114DFF-6AF2-4AA1-B081-9DC4A1B7406D}.Debug|Any CPU.ActiveCfg = Debug|Any CPU
		{5B114DFF-6AF2-4AA1-B081-9DC4A1B7406D}.Debug|Any CPU.Build.0 = Debug|Any CPU
		{5B114DFF-6AF2-4AA1-B081-9DC4A1B7406D}.Release|Any CPU.ActiveCfg = Release|Any CPU
		{5B114DFF-6AF2-4AA1-B081-9DC4A1B7406D}.Release|Any CPU.Build.0 = Release|Any CPU
	EndGlobalSection
	GlobalSection(SolutionProperties) = preSolution
		HideSolutionNode = FALSE
	EndGlobalSection
	GlobalSection(ExtensibilityGlobals) = postSolution
		SolutionGuid = {2CD5CE17-FF0C-4737-AB3F-A21438F0C4DD}
	EndGlobalSection
EndGlobal
